Microsoft Visual Studio Solution File, Format Version 11.00
# Visual Studio 2008

Project("{0595E56F-D5DB-3CD1-701F-8F46D71F1664}") = "Spacious", "Assembly-CSharp.csproj", "{8DDFB4CE-FB01-1995-B611-F9537A7E0F2F}"
EndProject
Global
	GlobalSection(SolutionConfigurationPlatforms) = preSolution
		Debug|Any CPU = Debug|Any CPU
		Release|Any CPU = Release|Any CPU
	EndGlobalSection
	GlobalSection(ProjectConfigurationPlatforms) = postSolution
		{8DDFB4CE-FB01-1995-B611-F9537A7E0F2F}.Debug|Any CPU.ActiveCfg = Debug|Any CPU
		{8DDFB4CE-FB01-1995-B611-F9537A7E0F2F}.Debug|Any CPU.Build.0 = Debug|Any CPU
		{8DDFB4CE-FB01-1995-B611-F9537A7E0F2F}.Release|Any CPU.ActiveCfg = Release|Any CPU
		{8DDFB4CE-FB01-1995-B611-F9537A7E0F2F}.Release|Any CPU.Build.0 = Release|Any CPU
	EndGlobalSection
	GlobalSection(SolutionProperties) = preSolution
		HideSolutionNode = FALSE
	EndGlobalSection
	GlobalSection(MonoDevelopProperties) = preSolution
		StartupItem = Assembly-CSharp.csproj
	EndGlobalSection
EndGlobal
